
Microsoft Visual Studio Solution File, Format Version 12.00
# Visual Studio 14
VisualStudioVersion = 14.0.25420.1
MinimumVisualStudioVersion = 10.0.40219.1
Project("{FAE04EC0-301F-11D3-BF4B-00C04F79EFBC}") = "ISC.Whitest.Core", "ISC.Whitest.Core\ISC.Whitest.Core.csproj", "{3724BC4E-6A8E-458A-B51E-29F859609207}"
EndProject
Project("{FAE04EC0-301F-11D3-BF4B-00C04F79EFBC}") = "ISC.Whitest.Web.Core", "ISC.Whitest.Web.Core\ISC.Whitest.Web.Core.csproj", "{418C97D1-DDEB-46FA-AAEF-942942F60B4D}"
EndProject
Project("{FAE04EC0-301F-11D3-BF4B-00C04F79EFBC}") = "ISC.Whitest.Web.UI", "ISC.Whitest.Web.UI\ISC.Whitest.Web.UI.csproj", "{947E8DD1-34CA-46B9-8807-60C55AF9C894}"
EndProject
Project("{FAE04EC0-301F-11D3-BF4B-00C04F79EFBC}") = "ISC.Whitest.Web.Api", "ISC.Whitest.Web.Api\ISC.Whitest.Web.Api.csproj", "{78391D21-B759-43AA-B363-9DBE073E0407}"
EndProject
Project("{2150E333-8FDC-42A3-9474-1A3956D46DE8}") = "Core", "Core", "{B1A67781-9D65-4ABE-A206-4B3B7559F700}"
EndProject
Project("{2150E333-8FDC-42A3-9474-1A3956D46DE8}") = "Web", "Web", "{2C26883F-0838-4226-BD89-F2887D1F1B3E}"
EndProject
Project("{FAE04EC0-301F-11D3-BF4B-00C04F79EFBC}") = "ISC.Whitest.Core.Tests", "ISC.Whitest.Core.Tests\ISC.Whitest.Core.Tests.csproj", "{57E2EE79-9D07-4A95-8234-6CF1FE83591C}"
EndProject
Project("{2150E333-8FDC-42A3-9474-1A3956D46DE8}") = "01_Sample_Acceptance", "01_Sample_Acceptance", "{69588AE1-5E5D-4981-94D9-D03C11CE43A0}"
EndProject
Project("{FAE04EC0-301F-11D3-BF4B-00C04F79EFBC}") = "SampleMVC01.Tests.Acceptance", "Samples\SampleMVC01.Tests.Acceptance\SampleMVC01.Tests.Acceptance.csproj", "{88287764-3AF5-4A46-9A8E-5D907770BD90}"
EndProject
Project("{FAE04EC0-301F-11D3-BF4B-00C04F79EFBC}") = "ISC.Whitest.Web.UI.Tests", "ISC.Whitest.Web.UI.Tests\ISC.Whitest.Web.UI.Tests.csproj", "{3F972DF9-AC9E-4556-932F-19FEC05616AE}"
EndProject
Project("{FAE04EC0-301F-11D3-BF4B-00C04F79EFBC}") = "ISC.Whitest.Web.Core.Tests", "ISC.Whitest.Web.Core.Tests\ISC.Whitest.Web.Core.Tests.csproj", "{815A51B2-87C2-4AD6-8456-6DA7C6332ABE}"
EndProject
Project("{FAE04EC0-301F-11D3-BF4B-00C04F79EFBC}") = "HomeCinema.Data", "Samples\HomeCinema.Data\HomeCinema.Data.csproj", "{FDB8609C-3FA4-425C-BA71-4A71A7C43EC6}"
EndProject
Project("{FAE04EC0-301F-11D3-BF4B-00C04F79EFBC}") = "HomeCinema.Entities", "Samples\HomeCinema.Entities\HomeCinema.Entities.csproj", "{3E8BB046-05BD-4D27-94A7-C13AD4F3E192}"
EndProject
Project("{FAE04EC0-301F-11D3-BF4B-00C04F79EFBC}") = "HomeCinema.Services", "Samples\HomeCinema.Services\HomeCinema.Services.csproj", "{2B0131AB-CD43-47FE-8D0E-2C80EE069762}"
EndProject
Project("{FAE04EC0-301F-11D3-BF4B-00C04F79EFBC}") = "HomeCinema.Web", "Samples\HomeCinema.Web\HomeCinema.Web.csproj", "{32415527-525D-490D-8B46-7BA4C3D45F7C}"
EndProject
Project("{2150E333-8FDC-42A3-9474-1A3956D46DE8}") = "WebSite", "WebSite", "{87BA0812-8C5B-443B-A186-373BCA2F3F39}"
EndProject
Project("{2150E333-8FDC-42A3-9474-1A3956D46DE8}") = "Tests", "Tests", "{1D0C7BE0-1C1E-4A10-9C1D-34CFC78B00F9}"
EndProject
Project("{FAE04EC0-301F-11D3-BF4B-00C04F79EFBC}") = "HomeCinema.Tests", "Samples\HomeCinema.Tests\HomeCinema.Tests.csproj", "{BC9CF309-EDCB-405A-8DED-D03077291175}"
EndProject
Project("{FAE04EC0-301F-11D3-BF4B-00C04F79EFBC}") = "HomeCinema.Tests.Common", "HomeCinema.Tests.Common\HomeCinema.Tests.Common.csproj", "{78CEC29B-9F1A-4E77-AE0E-3E92CFF5AC4A}"
EndProject
Project("{FAE04EC0-301F-11D3-BF4B-00C04F79EFBC}") = "HomeCinema.Tests.Web", "HomeCinema.Tests.Web\HomeCinema.Tests.Web.csproj", "{E43C2739-AC1B-435D-9CFE-18603566AA9A}"
EndProject
Project("{FAE04EC0-301F-11D3-BF4B-00C04F79EFBC}") = "HomeCinema.Tests.Api", "HomeCinema.Tests.Api\HomeCinema.Tests.Api.csproj", "{2C85AFAB-08AC-46EA-A1EF-2875C63CDFC2}"
EndProject
Global
	GlobalSection(SolutionConfigurationPlatforms) = preSolution
		Debug|Any CPU = Debug|Any CPU
		Release|Any CPU = Release|Any CPU
	EndGlobalSection
	GlobalSection(ProjectConfigurationPlatforms) = postSolution
		{3724BC4E-6A8E-458A-B51E-29F859609207}.Debug|Any CPU.ActiveCfg = Debug|Any CPU
		{3724BC4E-6A8E-458A-B51E-29F859609207}.Debug|Any CPU.Build.0 = Debug|Any CPU
		{3724BC4E-6A8E-458A-B51E-29F859609207}.Release|Any CPU.ActiveCfg = Release|Any CPU
		{3724BC4E-6A8E-458A-B51E-29F859609207}.Release|Any CPU.Build.0 = Release|Any CPU
		{418C97D1-DDEB-46FA-AAEF-942942F60B4D}.Debug|Any CPU.ActiveCfg = Debug|Any CPU
		{418C97D1-DDEB-46FA-AAEF-942942F60B4D}.Debug|Any CPU.Build.0 = Debug|Any CPU
		{418C97D1-DDEB-46FA-AAEF-942942F60B4D}.Release|Any CPU.ActiveCfg = Release|Any CPU
		{418C97D1-DDEB-46FA-AAEF-942942F60B4D}.Release|Any CPU.Build.0 = Release|Any CPU
		{947E8DD1-34CA-46B9-8807-60C55AF9C894}.Debug|Any CPU.ActiveCfg = Debug|Any CPU
		{947E8DD1-34CA-46B9-8807-60C55AF9C894}.Debug|Any CPU.Build.0 = Debug|Any CPU
		{947E8DD1-34CA-46B9-8807-60C55AF9C894}.Release|Any CPU.ActiveCfg = Release|Any CPU
		{947E8DD1-34CA-46B9-8807-60C55AF9C894}.Release|Any CPU.Build.0 = Release|Any CPU
		{78391D21-B759-43AA-B363-9DBE073E0407}.Debug|Any CPU.ActiveCfg = Debug|Any CPU
		{78391D21-B759-43AA-B363-9DBE073E0407}.Debug|Any CPU.Build.0 = Debug|Any CPU
		{78391D21-B759-43AA-B363-9DBE073E0407}.Release|Any CPU.ActiveCfg = Release|Any CPU
		{78391D21-B759-43AA-B363-9DBE073E0407}.Release|Any CPU.Build.0 = Release|Any CPU
		{57E2EE79-9D07-4A95-8234-6CF1FE83591C}.Debug|Any CPU.ActiveCfg = Debug|Any CPU
		{57E2EE79-9D07-4A95-8234-6CF1FE83591C}.Debug|Any CPU.Build.0 = Debug|Any CPU
		{57E2EE79-9D07-4A95-8234-6CF1FE83591C}.Release|Any CPU.ActiveCfg = Release|Any CPU
		{57E2EE79-9D07-4A95-8234-6CF1FE83591C}.Release|Any CPU.Build.0 = Release|Any CPU
		{88287764-3AF5-4A46-9A8E-5D907770BD90}.Debug|Any CPU.ActiveCfg = Debug|Any CPU
		{88287764-3AF5-4A46-9A8E-5D907770BD90}.Debug|Any CPU.Build.0 = Debug|Any CPU
		{88287764-3AF5-4A46-9A8E-5D907770BD90}.Release|Any CPU.ActiveCfg = Release|Any CPU
		{88287764-3AF5-4A46-9A8E-5D907770BD90}.Release|Any CPU.Build.0 = Release|Any CPU
		{3F972DF9-AC9E-4556-932F-19FEC05616AE}.Debug|Any CPU.ActiveCfg = Debug|Any CPU
		{3F972DF9-AC9E-4556-932F-19FEC05616AE}.Debug|Any CPU.Build.0 = Debug|Any CPU
		{3F972DF9-AC9E-4556-932F-19FEC05616AE}.Release|Any CPU.ActiveCfg = Release|Any CPU
		{3F972DF9-AC9E-4556-932F-19FEC05616AE}.Release|Any CPU.Build.0 = Release|Any CPU
		{815A51B2-87C2-4AD6-8456-6DA7C6332ABE}.Debug|Any CPU.ActiveCfg = Debug|Any CPU
		{815A51B2-87C2-4AD6-8456-6DA7C6332ABE}.Debug|Any CPU.Build.0 = Debug|Any CPU
		{815A51B2-87C2-4AD6-8456-6DA7C6332ABE}.Release|Any CPU.ActiveCfg = Release|Any CPU
		{815A51B2-87C2-4AD6-8456-6DA7C6332ABE}.Release|Any CPU.Build.0 = Release|Any CPU
		{FDB8609C-3FA4-425C-BA71-4A71A7C43EC6}.Debug|Any CPU.ActiveCfg = Debug|Any CPU
		{FDB8609C-3FA4-425C-BA71-4A71A7C43EC6}.Debug|Any CPU.Build.0 = Debug|Any CPU
		{FDB8609C-3FA4-425C-BA71-4A71A7C43EC6}.Release|Any CPU.ActiveCfg = Release|Any CPU
		{FDB8609C-3FA4-425C-BA71-4A71A7C43EC6}.Release|Any CPU.Build.0 = Release|Any CPU
		{3E8BB046-05BD-4D27-94A7-C13AD4F3E192}.Debug|Any CPU.ActiveCfg = Debug|Any CPU
		{3E8BB046-05BD-4D27-94A7-C13AD4F3E192}.Debug|Any CPU.Build.0 = Debug|Any CPU
		{3E8BB046-05BD-4D27-94A7-C13AD4F3E192}.Release|Any CPU.ActiveCfg = Release|Any CPU
		{3E8BB046-05BD-4D27-94A7-C13AD4F3E192}.Release|Any CPU.Build.0 = Release|Any CPU
		{2B0131AB-CD43-47FE-8D0E-2C80EE069762}.Debug|Any CPU.ActiveCfg = Debug|Any CPU
		{2B0131AB-CD43-47FE-8D0E-2C80EE069762}.Debug|Any CPU.Build.0 = Debug|Any CPU
		{2B0131AB-CD43-47FE-8D0E-2C80EE069762}.Release|Any CPU.ActiveCfg = Release|Any CPU
		{2B0131AB-CD43-47FE-8D0E-2C80EE069762}.Release|Any CPU.Build.0 = Release|Any CPU
		{32415527-525D-490D-8B46-7BA4C3D45F7C}.Debug|Any CPU.ActiveCfg = Debug|Any CPU
		{32415527-525D-490D-8B46-7BA4C3D45F7C}.Debug|Any CPU.Build.0 = Debug|Any CPU
		{32415527-525D-490D-8B46-7BA4C3D45F7C}.Release|Any CPU.ActiveCfg = Release|Any CPU
		{32415527-525D-490D-8B46-7BA4C3D45F7C}.Release|Any CPU.Build.0 = Release|Any CPU
		{BC9CF309-EDCB-405A-8DED-D03077291175}.Debug|Any CPU.ActiveCfg = Debug|Any CPU
		{BC9CF309-EDCB-405A-8DED-D03077291175}.Debug|Any CPU.Build.0 = Debug|Any CPU
		{BC9CF309-EDCB-405A-8DED-D03077291175}.Release|Any CPU.ActiveCfg = Release|Any CPU
		{BC9CF309-EDCB-405A-8DED-D03077291175}.Release|Any CPU.Build.0 = Release|Any CPU
		{78CEC29B-9F1A-4E77-AE0E-3E92CFF5AC4A}.Debug|Any CPU.ActiveCfg = Debug|Any CPU
		{78CEC29B-9F1A-4E77-AE0E-3E92CFF5AC4A}.Debug|Any CPU.Build.0 = Debug|Any CPU
		{78CEC29B-9F1A-4E77-AE0E-3E92CFF5AC4A}.Release|Any CPU.ActiveCfg = Release|Any CPU
		{78CEC29B-9F1A-4E77-AE0E-3E92CFF5AC4A}.Release|Any CPU.Build.0 = Release|Any CPU
		{E43C2739-AC1B-435D-9CFE-18603566AA9A}.Debug|Any CPU.ActiveCfg = Debug|Any CPU
		{E43C2739-AC1B-435D-9CFE-18603566AA9A}.Debug|Any CPU.Build.0 = Debug|Any CPU
		{E43C2739-AC1B-435D-9CFE-18603566AA9A}.Release|Any CPU.ActiveCfg = Release|Any CPU
		{E43C2739-AC1B-435D-9CFE-18603566AA9A}.Release|Any CPU.Build.0 = Release|Any CPU
		{2C85AFAB-08AC-46EA-A1EF-2875C63CDFC2}.Debug|Any CPU.ActiveCfg = Debug|Any CPU
		{2C85AFAB-08AC-46EA-A1EF-2875C63CDFC2}.Debug|Any CPU.Build.0 = Debug|Any CPU
		{2C85AFAB-08AC-46EA-A1EF-2875C63CDFC2}.Release|Any CPU.ActiveCfg = Release|Any CPU
		{2C85AFAB-08AC-46EA-A1EF-2875C63CDFC2}.Release|Any CPU.Build.0 = Release|Any CPU
	EndGlobalSection
	GlobalSection(SolutionProperties) = preSolution
		HideSolutionNode = FALSE
	EndGlobalSection
	GlobalSection(NestedProjects) = preSolution
		{3724BC4E-6A8E-458A-B51E-29F859609207} = {B1A67781-9D65-4ABE-A206-4B3B7559F700}
		{418C97D1-DDEB-46FA-AAEF-942942F60B4D} = {2C26883F-0838-4226-BD89-F2887D1F1B3E}
		{947E8DD1-34CA-46B9-8807-60C55AF9C894} = {2C26883F-0838-4226-BD89-F2887D1F1B3E}
		{78391D21-B759-43AA-B363-9DBE073E0407} = {2C26883F-0838-4226-BD89-F2887D1F1B3E}
		{57E2EE79-9D07-4A95-8234-6CF1FE83591C} = {B1A67781-9D65-4ABE-A206-4B3B7559F700}
		{88287764-3AF5-4A46-9A8E-5D907770BD90} = {69588AE1-5E5D-4981-94D9-D03C11CE43A0}
		{3F972DF9-AC9E-4556-932F-19FEC05616AE} = {2C26883F-0838-4226-BD89-F2887D1F1B3E}
		{815A51B2-87C2-4AD6-8456-6DA7C6332ABE} = {2C26883F-0838-4226-BD89-F2887D1F1B3E}
		{FDB8609C-3FA4-425C-BA71-4A71A7C43EC6} = {87BA0812-8C5B-443B-A186-373BCA2F3F39}
		{3E8BB046-05BD-4D27-94A7-C13AD4F3E192} = {87BA0812-8C5B-443B-A186-373BCA2F3F39}
		{2B0131AB-CD43-47FE-8D0E-2C80EE069762} = {87BA0812-8C5B-443B-A186-373BCA2F3F39}
		{32415527-525D-490D-8B46-7BA4C3D45F7C} = {87BA0812-8C5B-443B-A186-373BCA2F3F39}
		{87BA0812-8C5B-443B-A186-373BCA2F3F39} = {69588AE1-5E5D-4981-94D9-D03C11CE43A0}
		{1D0C7BE0-1C1E-4A10-9C1D-34CFC78B00F9} = {69588AE1-5E5D-4981-94D9-D03C11CE43A0}
		{BC9CF309-EDCB-405A-8DED-D03077291175} = {1D0C7BE0-1C1E-4A10-9C1D-34CFC78B00F9}
		{78CEC29B-9F1A-4E77-AE0E-3E92CFF5AC4A} = {1D0C7BE0-1C1E-4A10-9C1D-34CFC78B00F9}
		{E43C2739-AC1B-435D-9CFE-18603566AA9A} = {1D0C7BE0-1C1E-4A10-9C1D-34CFC78B00F9}
		{2C85AFAB-08AC-46EA-A1EF-2875C63CDFC2} = {1D0C7BE0-1C1E-4A10-9C1D-34CFC78B00F9}
	EndGlobalSection
EndGlobal
