
Microsoft Visual Studio Solution File, Format Version 12.00
# Visual Studio 14
VisualStudioVersion = 14.0.25420.1
MinimumVisualStudioVersion = 10.0.40219.1
Project("{FAE04EC0-301F-11D3-BF4B-00C04F79EFBC}") = "ISC.Whitest.Core", "ISC.Whitest.Core\ISC.Whitest.Core.csproj", "{3724BC4E-6A8E-458A-B51E-29F859609207}"
EndProject
Project("{FAE04EC0-301F-11D3-BF4B-00C04F79EFBC}") = "ISC.Whitest.Web.Core", "ISC.Whitest.Web.Core\ISC.Whitest.Web.Core.csproj", "{418C97D1-DDEB-46FA-AAEF-942942F60B4D}"
EndProject
Project("{FAE04EC0-301F-11D3-BF4B-00C04F79EFBC}") = "ISC.Whitest.Web.UI", "ISC.Whitest.Web.UI\ISC.Whitest.Web.UI.csproj", "{947E8DD1-34CA-46B9-8807-60C55AF9C894}"
EndProject
Project("{FAE04EC0-301F-11D3-BF4B-00C04F79EFBC}") = "ISC.Whitest.Web.Api", "ISC.Whitest.Web.Api\ISC.Whitest.Web.Api.csproj", "{78391D21-B759-43AA-B363-9DBE073E0407}"
EndProject
Project("{2150E333-8FDC-42A3-9474-1A3956D46DE8}") = "Core", "Core", "{B1A67781-9D65-4ABE-A206-4B3B7559F700}"
EndProject
Project("{2150E333-8FDC-42A3-9474-1A3956D46DE8}") = "Web", "Web", "{2C26883F-0838-4226-BD89-F2887D1F1B3E}"
EndProject
Project("{FAE04EC0-301F-11D3-BF4B-00C04F79EFBC}") = "ISC.Whitest.Core.Tests", "ISC.Whitest.Core.Tests\ISC.Whitest.Core.Tests.csproj", "{57E2EE79-9D07-4A95-8234-6CF1FE83591C}"
EndProject
Project("{2150E333-8FDC-42A3-9474-1A3956D46DE8}") = "01_SampleProject_MVC", "01_SampleProject_MVC", "{69588AE1-5E5D-4981-94D9-D03C11CE43A0}"
EndProject
Project("{FAE04EC0-301F-11D3-BF4B-00C04F79EFBC}") = "SampleMVC01", "Samples\SampleMVC01\SampleMVC01.csproj", "{031F3487-CDA8-472A-A85A-DFAA893CF2DA}"
EndProject
Project("{FAE04EC0-301F-11D3-BF4B-00C04F79EFBC}") = "SampleMVC01.Tests.Acceptance", "Samples\SampleMVC01.Tests.Acceptance\SampleMVC01.Tests.Acceptance.csproj", "{88287764-3AF5-4A46-9A8E-5D907770BD90}"
EndProject
Project("{FAE04EC0-301F-11D3-BF4B-00C04F79EFBC}") = "ISC.Whitest.Web.UI.Tests", "ISC.Whitest.Web.UI.Tests\ISC.Whitest.Web.UI.Tests.csproj", "{3F972DF9-AC9E-4556-932F-19FEC05616AE}"
EndProject
Project("{2150E333-8FDC-42A3-9474-1A3956D46DE8}") = "02_SampleProject_WebAPI", "02_SampleProject_WebAPI", "{D290FDB9-C2AD-4801-AD0B-0138DB67E181}"
EndProject
Project("{FAE04EC0-301F-11D3-BF4B-00C04F79EFBC}") = "SampleWebAPI01", "Samples\SampleWebAPI01\SampleWebAPI01.csproj", "{7EB32E87-6815-49C4-BFEC-1A9D26F33ED1}"
EndProject
Project("{FAE04EC0-301F-11D3-BF4B-00C04F79EFBC}") = "SampleWebAPI01.Tests.Integration", "Samples\SampleWebAPI01.Tests.Integration\SampleWebAPI01.Tests.Integration.csproj", "{0CE4F4C5-C6D2-42C8-A49F-627885267DE9}"
EndProject
Global
	GlobalSection(SolutionConfigurationPlatforms) = preSolution
		Debug|Any CPU = Debug|Any CPU
		Release|Any CPU = Release|Any CPU
	EndGlobalSection
	GlobalSection(ProjectConfigurationPlatforms) = postSolution
		{3724BC4E-6A8E-458A-B51E-29F859609207}.Debug|Any CPU.ActiveCfg = Debug|Any CPU
		{3724BC4E-6A8E-458A-B51E-29F859609207}.Debug|Any CPU.Build.0 = Debug|Any CPU
		{3724BC4E-6A8E-458A-B51E-29F859609207}.Release|Any CPU.ActiveCfg = Release|Any CPU
		{3724BC4E-6A8E-458A-B51E-29F859609207}.Release|Any CPU.Build.0 = Release|Any CPU
		{418C97D1-DDEB-46FA-AAEF-942942F60B4D}.Debug|Any CPU.ActiveCfg = Debug|Any CPU
		{418C97D1-DDEB-46FA-AAEF-942942F60B4D}.Debug|Any CPU.Build.0 = Debug|Any CPU
		{418C97D1-DDEB-46FA-AAEF-942942F60B4D}.Release|Any CPU.ActiveCfg = Release|Any CPU
		{418C97D1-DDEB-46FA-AAEF-942942F60B4D}.Release|Any CPU.Build.0 = Release|Any CPU
		{947E8DD1-34CA-46B9-8807-60C55AF9C894}.Debug|Any CPU.ActiveCfg = Debug|Any CPU
		{947E8DD1-34CA-46B9-8807-60C55AF9C894}.Debug|Any CPU.Build.0 = Debug|Any CPU
		{947E8DD1-34CA-46B9-8807-60C55AF9C894}.Release|Any CPU.ActiveCfg = Release|Any CPU
		{947E8DD1-34CA-46B9-8807-60C55AF9C894}.Release|Any CPU.Build.0 = Release|Any CPU
		{78391D21-B759-43AA-B363-9DBE073E0407}.Debug|Any CPU.ActiveCfg = Debug|Any CPU
		{78391D21-B759-43AA-B363-9DBE073E0407}.Debug|Any CPU.Build.0 = Debug|Any CPU
		{78391D21-B759-43AA-B363-9DBE073E0407}.Release|Any CPU.ActiveCfg = Release|Any CPU
		{78391D21-B759-43AA-B363-9DBE073E0407}.Release|Any CPU.Build.0 = Release|Any CPU
		{57E2EE79-9D07-4A95-8234-6CF1FE83591C}.Debug|Any CPU.ActiveCfg = Debug|Any CPU
		{57E2EE79-9D07-4A95-8234-6CF1FE83591C}.Debug|Any CPU.Build.0 = Debug|Any CPU
		{57E2EE79-9D07-4A95-8234-6CF1FE83591C}.Release|Any CPU.ActiveCfg = Release|Any CPU
		{57E2EE79-9D07-4A95-8234-6CF1FE83591C}.Release|Any CPU.Build.0 = Release|Any CPU
		{031F3487-CDA8-472A-A85A-DFAA893CF2DA}.Debug|Any CPU.ActiveCfg = Debug|Any CPU
		{031F3487-CDA8-472A-A85A-DFAA893CF2DA}.Debug|Any CPU.Build.0 = Debug|Any CPU
		{031F3487-CDA8-472A-A85A-DFAA893CF2DA}.Release|Any CPU.ActiveCfg = Release|Any CPU
		{031F3487-CDA8-472A-A85A-DFAA893CF2DA}.Release|Any CPU.Build.0 = Release|Any CPU
		{88287764-3AF5-4A46-9A8E-5D907770BD90}.Debug|Any CPU.ActiveCfg = Debug|Any CPU
		{88287764-3AF5-4A46-9A8E-5D907770BD90}.Debug|Any CPU.Build.0 = Debug|Any CPU
		{88287764-3AF5-4A46-9A8E-5D907770BD90}.Release|Any CPU.ActiveCfg = Release|Any CPU
		{88287764-3AF5-4A46-9A8E-5D907770BD90}.Release|Any CPU.Build.0 = Release|Any CPU
		{3F972DF9-AC9E-4556-932F-19FEC05616AE}.Debug|Any CPU.ActiveCfg = Debug|Any CPU
		{3F972DF9-AC9E-4556-932F-19FEC05616AE}.Debug|Any CPU.Build.0 = Debug|Any CPU
		{3F972DF9-AC9E-4556-932F-19FEC05616AE}.Release|Any CPU.ActiveCfg = Release|Any CPU
		{3F972DF9-AC9E-4556-932F-19FEC05616AE}.Release|Any CPU.Build.0 = Release|Any CPU
		{7EB32E87-6815-49C4-BFEC-1A9D26F33ED1}.Debug|Any CPU.ActiveCfg = Debug|Any CPU
		{7EB32E87-6815-49C4-BFEC-1A9D26F33ED1}.Debug|Any CPU.Build.0 = Debug|Any CPU
		{7EB32E87-6815-49C4-BFEC-1A9D26F33ED1}.Release|Any CPU.ActiveCfg = Release|Any CPU
		{7EB32E87-6815-49C4-BFEC-1A9D26F33ED1}.Release|Any CPU.Build.0 = Release|Any CPU
		{0CE4F4C5-C6D2-42C8-A49F-627885267DE9}.Debug|Any CPU.ActiveCfg = Debug|Any CPU
		{0CE4F4C5-C6D2-42C8-A49F-627885267DE9}.Debug|Any CPU.Build.0 = Debug|Any CPU
		{0CE4F4C5-C6D2-42C8-A49F-627885267DE9}.Release|Any CPU.ActiveCfg = Release|Any CPU
		{0CE4F4C5-C6D2-42C8-A49F-627885267DE9}.Release|Any CPU.Build.0 = Release|Any CPU
	EndGlobalSection
	GlobalSection(SolutionProperties) = preSolution
		HideSolutionNode = FALSE
	EndGlobalSection
	GlobalSection(NestedProjects) = preSolution
		{3724BC4E-6A8E-458A-B51E-29F859609207} = {B1A67781-9D65-4ABE-A206-4B3B7559F700}
		{418C97D1-DDEB-46FA-AAEF-942942F60B4D} = {2C26883F-0838-4226-BD89-F2887D1F1B3E}
		{947E8DD1-34CA-46B9-8807-60C55AF9C894} = {2C26883F-0838-4226-BD89-F2887D1F1B3E}
		{78391D21-B759-43AA-B363-9DBE073E0407} = {2C26883F-0838-4226-BD89-F2887D1F1B3E}
		{57E2EE79-9D07-4A95-8234-6CF1FE83591C} = {B1A67781-9D65-4ABE-A206-4B3B7559F700}
		{031F3487-CDA8-472A-A85A-DFAA893CF2DA} = {69588AE1-5E5D-4981-94D9-D03C11CE43A0}
		{88287764-3AF5-4A46-9A8E-5D907770BD90} = {69588AE1-5E5D-4981-94D9-D03C11CE43A0}
		{3F972DF9-AC9E-4556-932F-19FEC05616AE} = {2C26883F-0838-4226-BD89-F2887D1F1B3E}
		{7EB32E87-6815-49C4-BFEC-1A9D26F33ED1} = {D290FDB9-C2AD-4801-AD0B-0138DB67E181}
		{0CE4F4C5-C6D2-42C8-A49F-627885267DE9} = {D290FDB9-C2AD-4801-AD0B-0138DB67E181}
	EndGlobalSection
EndGlobal
